// !$*UTF8*$!
{
	archiveVersion = 1;
	classes = {
	};
	objectVersion = 77;
	objects = {

/* Begin PBXBuildFile section */

		98B3DC9C2E40741C0002246A /* NotapsStudyENJPApp.swift in Sources */ = {isa = PBXBuildFile; fileRef = 98B3DC982E40741C0002246A /* NotapsStudyENJPApp.swift */; };
		98B3DCA22E407D090002246A /* Models.swift in Sources */ = {isa = PBXBuildFile; fileRef = 98B3DCA02E407D090002246A /* Models.swift */; };
		98B3DCA62E407D210002246A /* Views.swift in Sources */ = {isa = PBXBuildFile; fileRef = 98B3DCA52E407D210002246A /* Views.swift */; };
		98B3DCAB2E40870A0002246A /* word_finalized_0613.json in Resources */ = {isa = PBXBuildFile; fileRef = 98B3DCAA2E40870A0002246A /* word_finalized_0613.json */; };
		98B3DCB02E4099990002246A /* SplashView.swift in Sources */ = {isa = PBXBuildFile; fileRef = 98B3DCAF2E4099990002246A /* SplashView.swift */; };
		98B3DCBC2E40B00C0002246A /* Assets.xcassets in Resources */ = {isa = PBXBuildFile; fileRef = 98B3DCBB2E40B00B0002246A /* Assets.xcassets */; };
		AA3333333333333333333331 /* Haptics.swift in Sources */ = {isa = PBXBuildFile; fileRef = AA3333333333333333333330 /* Haptics.swift */; };
		AA3333333333333333333341 /* VoiceQualityManager.swift in Sources */ = {isa = PBXBuildFile; fileRef = AA3333333333333333333340 /* VoiceQualityManager.swift */; };
		AA1111111111111111111112 /* Localization/words_level_01.debug.json in Resources */ = {isa = PBXBuildFile; fileRef = AA1111111111111111111111 /* Localization/words_level_01.debug.json */; };
		AA2222222222222222222222 /* index.json in Resources */ = {isa = PBXBuildFile; fileRef = AA2222222222222222222221 /* index.json */; };
		AA2222222222222222222223 /* lexicon.en.overlay.json in Resources */ = {isa = PBXBuildFile; fileRef = AA2222222222222222222224 /* lexicon.en.overlay.json */; };
		AA2222222222222222222225 /* lexicon.ja.overlay.json in Resources */ = {isa = PBXBuildFile; fileRef = AA2222222222222222222226 /* lexicon.ja.overlay.json */; };
		AA2222222222222222222227 /* lexicon.ko.overlay.json in Resources */ = {isa = PBXBuildFile; fileRef = AA2222222222222222222228 /* lexicon.ko.overlay.json */; };
		AA2222222222222222222231 /* lexicon.fr.overlay.json in Resources */ = {isa = PBXBuildFile; fileRef = AA2222222222222222222230 /* lexicon.fr.overlay.json */; };
		AA2222222222222222222233 /* lexicon.zh.overlay.json in Resources */ = {isa = PBXBuildFile; fileRef = AA2222222222222222222232 /* lexicon.zh.overlay.json */; };
		AB0000000000000000000001 /* lexicon.en.core.json in Resources */ = {isa = PBXBuildFile; fileRef = AB0000000000000000000003 /* lexicon.en.core.json */; };
		AB0000000000000000000002 /* lexicon.ja.core.json in Resources */ = {isa = PBXBuildFile; fileRef = AB0000000000000000000004 /* lexicon.ja.core.json */; };
/* UI Tests build files */
		CC1111111111111111111111 /* ScreenshotsTests.swift in Sources */ = {isa = PBXBuildFile; fileRef = CC1111111111111111111112 /* ScreenshotsTests.swift */; };
		CC1111111111111111111113 /* SnapshotHelper.swift in Sources */ = {isa = PBXBuildFile; fileRef = CC1111111111111111111114 /* SnapshotHelper.swift */; };
/* End PBXBuildFile section */

/* Begin PBXFileReference section */

		98B3DC982E40741C0002246A /* NotapsStudyENJPApp.swift */ = {isa = PBXFileReference; lastKnownFileType = sourcecode.swift; path = NotapsStudyENJPApp.swift; sourceTree = "<group>"; };
		98B3DCA02E407D090002246A /* Models.swift */ = {isa = PBXFileReference; lastKnownFileType = sourcecode.swift; path = Models.swift; sourceTree = "<group>"; };
		98B3DCA52E407D210002246A /* Views.swift */ = {isa = PBXFileReference; lastKnownFileType = sourcecode.swift; path = Views.swift; sourceTree = "<group>"; };
		98B3DCA72E407D330002246A /* NotapsStudyENJP.xcodeproj */ = {isa = PBXFileReference; lastKnownFileType = "wrapper.pb-project"; path = NotapsStudyENJP.xcodeproj; sourceTree = "<group>"; };
		98B3DCAA2E40870A0002246A /* word_finalized_0613.json */ = {isa = PBXFileReference; lastKnownFileType = text.json; path = word_finalized_0613.json; sourceTree = "<group>"; };
		98B3DCAF2E4099990002246A /* SplashView.swift */ = {isa = PBXFileReference; lastKnownFileType = sourcecode.swift; path = SplashView.swift; sourceTree = "<group>"; };
		98B3DCBB2E40B00B0002246A /* Assets.xcassets */ = {isa = PBXFileReference; lastKnownFileType = folder.assetcatalog; path = Assets.xcassets; sourceTree = "<group>"; };
		AA3333333333333333333330 /* Haptics.swift */ = {isa = PBXFileReference; lastKnownFileType = sourcecode.swift; path = Sources/View/Haptics.swift; sourceTree = "<group>"; };
		AA3333333333333333333340 /* VoiceQualityManager.swift */ = {isa = PBXFileReference; lastKnownFileType = sourcecode.swift; path = Sources/View/VoiceQualityManager.swift; sourceTree = "<group>"; };
		98F49FAF2E4051BC004FD5EC /* NotapsStudyENJP.app */ = {isa = PBXFileReference; explicitFileType = wrapper.application; includeInIndex = 0; path = NotapsStudyENJP.app; sourceTree = BUILT_PRODUCTS_DIR; };
		AA1111111111111111111111 /* Localization/words_level_01.debug.json */ = {isa = PBXFileReference; lastKnownFileType = text.json; path = Localization/words_level_01.debug.json; sourceTree = "<group>"; };
		AA2222222222222222222221 /* index.json */ = {isa = PBXFileReference; lastKnownFileType = text.json; path = "Assets/Lexicon/v1/index.json"; sourceTree = "<group>"; };
		AA2222222222222222222224 /* lexicon.en.overlay.json */ = {isa = PBXFileReference; lastKnownFileType = text.json; path = "Assets/Lexicon/v1/en/lexicon.en.overlay.json"; sourceTree = "<group>"; };
		AA2222222222222222222226 /* lexicon.ja.overlay.json */ = {isa = PBXFileReference; lastKnownFileType = text.json; path = "Assets/Lexicon/v1/ja/lexicon.ja.overlay.json"; sourceTree = "<group>"; };
		AB0000000000000000000003 /* lexicon.en.core.json */ = {isa = PBXFileReference; lastKnownFileType = text.json; path = "Assets/Lexicon/v1/en/lexicon.en.core.json"; sourceTree = "<group>"; };
		AB0000000000000000000004 /* lexicon.ja.core.json */ = {isa = PBXFileReference; lastKnownFileType = text.json; path = "Assets/Lexicon/v1/ja/lexicon.ja.core.json"; sourceTree = "<group>"; };
		AA2222222222222222222228 /* lexicon.ko.overlay.json */ = {isa = PBXFileReference; lastKnownFileType = text.json; path = "Assets/Lexicon/v1/ko/lexicon.ko.overlay.json"; sourceTree = "<group>"; };
		AA2222222222222222222230 /* lexicon.fr.overlay.json */ = {isa = PBXFileReference; lastKnownFileType = text.json; path = "Assets/Lexicon/v1/fr/lexicon.fr.overlay.json"; sourceTree = "<group>"; };
		AA2222222222222222222232 /* lexicon.zh.overlay.json */ = {isa = PBXFileReference; lastKnownFileType = text.json; path = "Assets/Lexicon/v1/zh/lexicon.zh.overlay.json"; sourceTree = "<group>"; };
/* UI Tests file references */
		CC1111111111111111111110 /* NotapsStudyENJPUITests.xctest */ = {isa = PBXFileReference; explicitFileType = wrapper.cfbundle; includeInIndex = 0; path = NotapsStudyENJPUITests.xctest; sourceTree = BUILT_PRODUCTS_DIR; };
		CC1111111111111111111112 /* ScreenshotsTests.swift */ = {isa = PBXFileReference; lastKnownFileType = sourcecode.swift; path = ScreenshotsTests.swift; sourceTree = "<group>"; };
		CC1111111111111111111114 /* SnapshotHelper.swift */ = {isa = PBXFileReference; lastKnownFileType = sourcecode.swift; path = SnapshotHelper.swift; sourceTree = "<group>"; };
/* End PBXFileReference section */

/* Begin PBXFrameworksBuildPhase section */
		98F49FAC2E4051BC004FD5EC /* Frameworks */ = {
			isa = PBXFrameworksBuildPhase;
			buildActionMask = 2147483647;
			files = (
			);
			runOnlyForDeploymentPostprocessing = 0;
		};
/* End PBXFrameworksBuildPhase section */

/* Begin PBXGroup section */

		98B3DCA82E407D330002246A /* Products */ = {
			isa = PBXGroup;
			name = Products;
			sourceTree = "<group>";
		};
		98F49FA62E4051BC004FD5EC = {
			isa = PBXGroup;
			children = (
				AA3333333333333333333330 /* Haptics.swift */,
				AA3333333333333333333340 /* VoiceQualityManager.swift */,
				AA1111111111111111111111 /* Localization/words_level_01.debug.json */,
				98B3DCAA2E40870A0002246A /* word_finalized_0613.json */,
				AA2222222222222222222221 /* index.json */,
				AA2222222222222222222224 /* lexicon.en.overlay.json */,
				AA2222222222222222222226 /* lexicon.ja.overlay.json */,
				AA2222222222222222222230 /* lexicon.fr.overlay.json */,
				AB0000000000000000000003 /* lexicon.en.core.json */,
				AB0000000000000000000004 /* lexicon.ja.core.json */,
				AA2222222222222222222228 /* lexicon.ko.overlay.json */,
				AA2222222222222222222232 /* lexicon.zh.overlay.json */,
				CC1111111111111111111115 /* NotapsStudyENJPUITests */,
				98B3DCA72E407D330002246A /* NotapsStudyENJP.xcodeproj */,
				98B3DCA52E407D210002246A /* Views.swift */,
				98B3DCA02E407D090002246A /* Models.swift */,
				98B3DC982E40741C0002246A /* NotapsStudyENJPApp.swift */,
				98B3DCAF2E4099990002246A /* SplashView.swift */,
				98B3DCBB2E40B00B0002246A /* Assets.xcassets */,
				98F49FB02E4051BC004FD5EC /* Products */,
			);
			sourceTree = "<group>";
		};
		98F49FB02E4051BC004FD5EC /* Products */ = {
			isa = PBXGroup;
			children = (
				98F49FAF2E4051BC004FD5EC /* NotapsStudyENJP.app */,
				CC1111111111111111111110 /* NotapsStudyENJPUITests.xctest */,
			);
			name = Products;
			sourceTree = "<group>";
		};
/* UI Tests group */
		CC1111111111111111111115 /* NotapsStudyENJPUITests */ = {
			isa = PBXGroup;
			children = (
				CC1111111111111111111112 /* ScreenshotsTests.swift */,
				CC1111111111111111111114 /* SnapshotHelper.swift */,
			);
			path = NotapsStudyENJPUITests;
			sourceTree = "<group>";
		};
/* End PBXGroup section */

/* Begin PBXNativeTarget section */
		98F49FAE2E4051BC004FD5EC /* NotapsStudyENJP */ = {
			isa = PBXNativeTarget;
			buildConfigurationList = 98F49FBA2E4051BD004FD5EC /* Build configuration list for PBXNativeTarget "NotapsStudyENJP" */;
			buildPhases = (
				98F49FAB2E4051BC004FD5EC /* Sources */,
				98F49FAC2E4051BC004FD5EC /* Frameworks */,
				98F49FAD2E4051BC004FD5EC /* Resources */,
			);
			buildRules = (
			);
			dependencies = (
			);
			name = NotapsStudyENJP;
			packageProductDependencies = (
			);
			productName = NotapsStudyENJP;
			productReference = 98F49FAF2E4051BC004FD5EC /* NotapsStudyENJP.app */;
			productType = "com.apple.product-type.application";
		};
/* UI Tests target */
		CC1111111111111111111100 /* NotapsStudyENJPUITests */ = {
			isa = PBXNativeTarget;
			buildConfigurationList = CC1111111111111111111120 /* Build configuration list for PBXNativeTarget "NotapsStudyENJPUITests" */;
			buildPhases = (
				CC1111111111111111111101 /* Sources */,
				CC1111111111111111111102 /* Frameworks */,
			);
			buildRules = (
			);
			dependencies = (
			);
			name = NotapsStudyENJPUITests;
			productName = NotapsStudyENJPUITests;
			productReference = CC1111111111111111111110 /* NotapsStudyENJPUITests.xctest */;
			productType = "com.apple.product-type.bundle.ui-testing";
		};
/* End PBXNativeTarget section */

/* Begin PBXProject section */
		98F49FA72E4051BC004FD5EC /* Project object */ = {
			isa = PBXProject;
			attributes = {
				BuildIndependentTargetsInParallel = 1;
				LastSwiftUpdateCheck = 1640;
				LastUpgradeCheck = 1640;
				TargetAttributes = {
					98F49FAE2E4051BC004FD5EC = {
						CreatedOnToolsVersion = 16.4;
					};
					CC1111111111111111111100 = {
						CreatedOnToolsVersion = 16.4;
						TestTargetID = 98F49FAE2E4051BC004FD5EC;
					};
				};
			};
			buildConfigurationList = 98F49FAA2E4051BC004FD5EC /* Build configuration list for PBXProject "NotapsStudyENJP" */;
			developmentRegion = en;
			hasScannedForEncodings = 0;
			knownRegions = (
				en,
				Base,
				ja,
			);
			mainGroup = 98F49FA62E4051BC004FD5EC;
			minimizedProjectReferenceProxies = 1;
			preferredProjectObjectVersion = 77;
			productRefGroup = 98F49FB02E4051BC004FD5EC /* Products */;
			projectDirPath = "";
			projectReferences = (
				{
					ProductGroup = 98B3DCA82E407D330002246A /* Products */;
					ProjectRef = 98B3DCA72E407D330002246A /* NotapsStudyENJP.xcodeproj */;
				},
			);
			projectRoot = "";
			targets = (
				98F49FAE2E4051BC004FD5EC /* NotapsStudyENJP */,
				CC1111111111111111111100 /* NotapsStudyENJPUITests */,
			);
		};
/* End PBXProject section */

/* Begin PBXResourcesBuildPhase section */
		98F49FAD2E4051BC004FD5EC /* Resources */ = {
			isa = PBXResourcesBuildPhase;
			buildActionMask = 2147483647;
			files = (
				98B3DCAB2E40870A0002246A /* word_finalized_0613.json in Resources */,
				98B3DCBC2E40B00C0002246A /* Assets.xcassets in Resources */,
				AA1111111111111111111112 /* Localization/words_level_01.debug.json in Resources */,
				AA2222222222222222222222 /* index.json in Resources */,
				AA2222222222222222222223 /* lexicon.en.overlay.json in Resources */,
				AA2222222222222222222225 /* lexicon.ja.overlay.json in Resources */,
				AA2222222222222222222231 /* lexicon.fr.overlay.json in Resources */,
				AB0000000000000000000001 /* lexicon.en.core.json in Resources */,
				AB0000000000000000000002 /* lexicon.ja.core.json in Resources */,
				AA2222222222222222222227 /* lexicon.ko.overlay.json in Resources */,
				AA2222222222222222222233 /* lexicon.zh.overlay.json in Resources */,
			);
			runOnlyForDeploymentPostprocessing = 0;
		};
/* End PBXResourcesBuildPhase section */

/* Begin PBXSourcesBuildPhase section */
		98F49FAB2E4051BC004FD5EC /* Sources */ = {
			isa = PBXSourcesBuildPhase;
			buildActionMask = 2147483647;
			files = (
				AA3333333333333333333331 /* Haptics.swift in Sources */,
				AA3333333333333333333341 /* VoiceQualityManager.swift in Sources */,
				98B3DC9C2E40741C0002246A /* NotapsStudyENJPApp.swift in Sources */,
				98B3DCA62E407D210002246A /* Views.swift in Sources */,
				98B3DCA22E407D090002246A /* Models.swift in Sources */,
				98B3DCB02E4099990002246A /* SplashView.swift in Sources */,
			);
			runOnlyForDeploymentPostprocessing = 0;
		};
		CC1111111111111111111101 /* Sources */ = {
			isa = PBXSourcesBuildPhase;
			buildActionMask = 2147483647;
			files = (
				CC1111111111111111111111 /* ScreenshotsTests.swift in Sources */,
				CC1111111111111111111113 /* SnapshotHelper.swift in Sources */,
			);
			runOnlyForDeploymentPostprocessing = 0;
		};
/* End PBXSourcesBuildPhase section */

/* Begin PBXFrameworksBuildPhase section (UI Tests) */
		CC1111111111111111111102 /* Frameworks */ = {
			isa = PBXFrameworksBuildPhase;
			buildActionMask = 2147483647;
			files = (
			);
			runOnlyForDeploymentPostprocessing = 0;
		};
/* End PBXFrameworksBuildPhase section */

/* Begin XCBuildConfiguration section */
		98F49FB82E4051BD004FD5EC /* Debug */ = {
			isa = XCBuildConfiguration;
			buildSettings = {
				ALWAYS_SEARCH_USER_PATHS = NO;
				ASSETCATALOG_COMPILER_GENERATE_SWIFT_ASSET_SYMBOL_EXTENSIONS = YES;
				CLANG_ANALYZER_NONNULL = YES;
				CLANG_ANALYZER_NUMBER_OBJECT_CONVERSION = YES_AGGRESSIVE;
				CLANG_CXX_LANGUAGE_STANDARD = "gnu++20";
				CLANG_ENABLE_MODULES = YES;
				CLANG_ENABLE_OBJC_ARC = YES;
				CLANG_ENABLE_OBJC_WEAK = YES;
				CLANG_WARN_BLOCK_CAPTURE_AUTORELEASING = YES;
				CLANG_WARN_BOOL_CONVERSION = YES;
				CLANG_WARN_COMMA = YES;
				CLANG_WARN_CONSTANT_CONVERSION = YES;
				CLANG_WARN_DEPRECATED_OBJC_IMPLEMENTATIONS = YES;
				CLANG_WARN_DIRECT_OBJC_ISA_USAGE = YES_ERROR;
				CLANG_WARN_DOCUMENTATION_COMMENTS = YES;
				CLANG_WARN_EMPTY_BODY = YES;
				CLANG_WARN_ENUM_CONVERSION = YES;
				CLANG_WARN_INFINITE_RECURSION = YES;
				CLANG_WARN_INT_CONVERSION = YES;
				CLANG_WARN_NON_LITERAL_NULL_CONVERSION = YES;
				CLANG_WARN_OBJC_IMPLICIT_RETAIN_SELF = YES;
				CLANG_WARN_OBJC_LITERAL_CONVERSION = YES;
				CLANG_WARN_OBJC_ROOT_CLASS = YES_ERROR;
				CLANG_WARN_QUOTED_INCLUDE_IN_FRAMEWORK_HEADER = YES;
				CLANG_WARN_RANGE_LOOP_ANALYSIS = YES;
				CLANG_WARN_STRICT_PROTOTYPES = YES;
				CLANG_WARN_SUSPICIOUS_MOVE = YES;
				CLANG_WARN_UNGUARDED_AVAILABILITY = YES_AGGRESSIVE;
				CLANG_WARN_UNREACHABLE_CODE = YES;
				CLANG_WARN__DUPLICATE_METHOD_MATCH = YES;
				COPY_PHASE_STRIP = NO;
				DEBUG_INFORMATION_FORMAT = dwarf;
				DEVELOPMENT_TEAM = 733JPXM643;
				ENABLE_STRICT_OBJC_MSGSEND = YES;
				ENABLE_TESTABILITY = YES;
				ENABLE_USER_SCRIPT_SANDBOXING = YES;
				GCC_C_LANGUAGE_STANDARD = gnu17;
				GCC_DYNAMIC_NO_PIC = NO;
				GCC_NO_COMMON_BLOCKS = YES;
				GCC_OPTIMIZATION_LEVEL = 0;
				GCC_PREPROCESSOR_DEFINITIONS = (
					"DEBUG=1",
					"$(inherited)",
				);
				GCC_WARN_64_TO_32_BIT_CONVERSION = YES;
				GCC_WARN_ABOUT_RETURN_TYPE = YES_ERROR;
				GCC_WARN_UNDECLARED_SELECTOR = YES;
				GCC_WARN_UNINITIALIZED_AUTOS = YES_AGGRESSIVE;
				GCC_WARN_UNUSED_FUNCTION = YES;
				GCC_WARN_UNUSED_VARIABLE = YES;
				IPHONEOS_DEPLOYMENT_TARGET = 18.0;
				LOCALIZATION_PREFERS_STRING_CATALOGS = YES;
				MTL_ENABLE_DEBUG_INFO = INCLUDE_SOURCE;
				MTL_FAST_MATH = YES;
				ONLY_ACTIVE_ARCH = YES;
				SDKROOT = iphoneos;
				SWIFT_ACTIVE_COMPILATION_CONDITIONS = "DEBUG $(inherited)";
				SWIFT_OPTIMIZATION_LEVEL = "-Onone";
			};
			name = Debug;
		};
		98F49FB92E4051BD004FD5EC /* Release */ = {
			isa = XCBuildConfiguration;
			buildSettings = {
				ALWAYS_SEARCH_USER_PATHS = NO;
				ASSETCATALOG_COMPILER_GENERATE_SWIFT_ASSET_SYMBOL_EXTENSIONS = YES;
				CLANG_ANALYZER_NONNULL = YES;
				CLANG_ANALYZER_NUMBER_OBJECT_CONVERSION = YES_AGGRESSIVE;
				CLANG_CXX_LANGUAGE_STANDARD = "gnu++20";
				CLANG_ENABLE_MODULES = YES;
				CLANG_ENABLE_OBJC_ARC = YES;
				CLANG_ENABLE_OBJC_WEAK = YES;
				CLANG_WARN_BLOCK_CAPTURE_AUTORELEASING = YES;
				CLANG_WARN_BOOL_CONVERSION = YES;
				CLANG_WARN_COMMA = YES;
				CLANG_WARN_CONSTANT_CONVERSION = YES;
				CLANG_WARN_DEPRECATED_OBJC_IMPLEMENTATIONS = YES;
				CLANG_WARN_DIRECT_OBJC_ISA_USAGE = YES_ERROR;
				CLANG_WARN_DOCUMENTATION_COMMENTS = YES;
				CLANG_WARN_EMPTY_BODY = YES;
				CLANG_WARN_ENUM_CONVERSION = YES;
				CLANG_WARN_INFINITE_RECURSION = YES;
				CLANG_WARN_INT_CONVERSION = YES;
				CLANG_WARN_NON_LITERAL_NULL_CONVERSION = YES;
				CLANG_WARN_OBJC_IMPLICIT_RETAIN_SELF = YES;
				CLANG_WARN_OBJC_LITERAL_CONVERSION = YES;
				CLANG_WARN_OBJC_ROOT_CLASS = YES_ERROR;
				CLANG_WARN_QUOTED_INCLUDE_IN_FRAMEWORK_HEADER = YES;
				CLANG_WARN_RANGE_LOOP_ANALYSIS = YES;
				CLANG_WARN_STRICT_PROTOTYPES = YES;
				CLANG_WARN_SUSPICIOUS_MOVE = YES;
				CLANG_WARN_UNGUARDED_AVAILABILITY = YES_AGGRESSIVE;
				CLANG_WARN_UNREACHABLE_CODE = YES;
				CLANG_WARN__DUPLICATE_METHOD_MATCH = YES;
				COPY_PHASE_STRIP = NO;
				DEBUG_INFORMATION_FORMAT = "dwarf-with-dsym";
				DEVELOPMENT_TEAM = 733JPXM643;
				ENABLE_NS_ASSERTIONS = NO;
				ENABLE_STRICT_OBJC_MSGSEND = YES;
				ENABLE_USER_SCRIPT_SANDBOXING = YES;
				GCC_C_LANGUAGE_STANDARD = gnu17;
				GCC_NO_COMMON_BLOCKS = YES;
				GCC_WARN_64_TO_32_BIT_CONVERSION = YES;
				GCC_WARN_ABOUT_RETURN_TYPE = YES_ERROR;
				GCC_WARN_UNDECLARED_SELECTOR = YES;
				GCC_WARN_UNINITIALIZED_AUTOS = YES_AGGRESSIVE;
				GCC_WARN_UNUSED_FUNCTION = YES;
				GCC_WARN_UNUSED_VARIABLE = YES;
				IPHONEOS_DEPLOYMENT_TARGET = 18.0;
				LOCALIZATION_PREFERS_STRING_CATALOGS = YES;
				MTL_ENABLE_DEBUG_INFO = NO;
				MTL_FAST_MATH = YES;
				SDKROOT = iphoneos;
				SWIFT_COMPILATION_MODE = wholemodule;
				VALIDATE_PRODUCT = YES;
			};
			name = Release;
		};
		98F49FBB2E4051BD004FD5EC /* Debug */ = {
			isa = XCBuildConfiguration;
			buildSettings = {
				ASSETCATALOG_COMPILER_APPICON_NAME = AppIcon;
				ASSETCATALOG_COMPILER_GLOBAL_ACCENT_COLOR_NAME = AccentColor;
				CODE_SIGN_STYLE = Automatic;
				CURRENT_PROJECT_VERSION = 30;
				DEVELOPMENT_TEAM = 733JPXM643;
				ENABLE_PREVIEWS = YES;
				FRAMEWORK_SEARCH_PATHS = (
					"$(inherited)",
				);
				GENERATE_INFOPLIST_FILE = NO;
				INFOPLIST_FILE = Info.plist;
				INFOPLIST_KEY_UIApplicationSceneManifest_Generation = YES;
				INFOPLIST_KEY_UIApplicationSupportsIndirectInputEvents = YES;
				INFOPLIST_KEY_UILaunchScreen_Generation = YES;
				INFOPLIST_KEY_UISupportedInterfaceOrientations_iPad = "UIInterfaceOrientationPortrait UIInterfaceOrientationPortraitUpsideDown UIInterfaceOrientationLandscapeLeft UIInterfaceOrientationLandscapeRight";
				INFOPLIST_KEY_UISupportedInterfaceOrientations_iPhone = "UIInterfaceOrientationPortrait UIInterfaceOrientationLandscapeLeft UIInterfaceOrientationLandscapeRight";
				LD_RUNPATH_SEARCH_PATHS = (
					"$(inherited)",
					"@executable_path/Frameworks",
				);
				MARKETING_VERSION = 3.0.0;
				PRODUCT_BUNDLE_IDENTIFIER = org.particlesandwaves.notapsallinone;
				PRODUCT_NAME = "$(TARGET_NAME)";
				SWIFT_EMIT_LOC_STRINGS = YES;
				SWIFT_VERSION = 5.0;
				TARGETED_DEVICE_FAMILY = "1,2";
			};
			name = Debug;
		};
		98F49FBC2E4051BD004FD5EC /* Release */ = {
			isa = XCBuildConfiguration;
			buildSettings = {
				ASSETCATALOG_COMPILER_APPICON_NAME = AppIcon;
				ASSETCATALOG_COMPILER_GLOBAL_ACCENT_COLOR_NAME = AccentColor;
				CODE_SIGN_STYLE = Automatic;
				CURRENT_PROJECT_VERSION = 30;
				DEVELOPMENT_TEAM = 733JPXM643;
				ENABLE_PREVIEWS = YES;
				FRAMEWORK_SEARCH_PATHS = (
					"$(inherited)",
				);
				GENERATE_INFOPLIST_FILE = NO;
				INFOPLIST_FILE = Info.plist;
				INFOPLIST_KEY_UIApplicationSceneManifest_Generation = YES;
				INFOPLIST_KEY_UIApplicationSupportsIndirectInputEvents = YES;
				INFOPLIST_KEY_UILaunchScreen_Generation = YES;
				INFOPLIST_KEY_UISupportedInterfaceOrientations_iPad = "UIInterfaceOrientationPortrait UIInterfaceOrientationPortraitUpsideDown UIInterfaceOrientationLandscapeLeft UIInterfaceOrientationLandscapeRight";
				INFOPLIST_KEY_UISupportedInterfaceOrientations_iPhone = "UIInterfaceOrientationPortrait UIInterfaceOrientationLandscapeLeft UIInterfaceOrientationLandscapeRight";
				LD_RUNPATH_SEARCH_PATHS = (
					"$(inherited)",
					"@executable_path/Frameworks",
				);
				MARKETING_VERSION = 3.0.0;
				PRODUCT_BUNDLE_IDENTIFIER = org.particlesandwaves.notapsallinone;
				PRODUCT_NAME = "$(TARGET_NAME)";
				SWIFT_EMIT_LOC_STRINGS = YES;
				SWIFT_VERSION = 5.0;
				TARGETED_DEVICE_FAMILY = "1,2";
			};
			name = Release;
		};
		CC1111111111111111111121 /* Debug */ = {
			isa = XCBuildConfiguration;
			buildSettings = {
				CODE_SIGN_STYLE = Automatic;
				DEVELOPMENT_TEAM = 733JPXM643;
				GENERATE_INFOPLIST_FILE = YES;
				IPHONEOS_DEPLOYMENT_TARGET = 18.0;
				MARKETING_VERSION = 3.0.0;
				PRODUCT_BUNDLE_IDENTIFIER = org.particlesandwaves.notapsallinoneUITests;
				PRODUCT_NAME = "$(TARGET_NAME)";
				SWIFT_VERSION = 5.0;
				TARGETED_DEVICE_FAMILY = "1,2";
				TEST_TARGET_NAME = NotapsStudyENJP;
			};
			name = Debug;
		};
		CC1111111111111111111122 /* Release */ = {
			isa = XCBuildConfiguration;
			buildSettings = {
				CODE_SIGN_STYLE = Automatic;
				DEVELOPMENT_TEAM = 733JPXM643;
				GENERATE_INFOPLIST_FILE = YES;
				IPHONEOS_DEPLOYMENT_TARGET = 18.0;
				MARKETING_VERSION = 3.0.0;
				PRODUCT_BUNDLE_IDENTIFIER = org.particlesandwaves.notapsallinoneUITests;
				PRODUCT_NAME = "$(TARGET_NAME)";
				SWIFT_VERSION = 5.0;
				TARGETED_DEVICE_FAMILY = "1,2";
				TEST_TARGET_NAME = NotapsStudyENJP;
			};
			name = Release;
		};
/* End XCBuildConfiguration section */

/* Begin XCConfigurationList section */
		98F49FAA2E4051BC004FD5EC /* Build configuration list for PBXProject "NotapsStudyENJP" */ = {
			isa = XCConfigurationList;
			buildConfigurations = (
				98F49FB82E4051BD004FD5EC /* Debug */,
				98F49FB92E4051BD004FD5EC /* Release */,
			);
			defaultConfigurationIsVisible = 0;
			defaultConfigurationName = Release;
		};
		98F49FBA2E4051BD004FD5EC /* Build configuration list for PBXNativeTarget "NotapsStudyENJP" */ = {
			isa = XCConfigurationList;
			buildConfigurations = (
				98F49FBB2E4051BD004FD5EC /* Debug */,
				98F49FBC2E4051BD004FD5EC /* Release */,
			);
			defaultConfigurationIsVisible = 0;
			defaultConfigurationName = Release;
		};
		CC1111111111111111111120 /* Build configuration list for PBXNativeTarget "NotapsStudyENJPUITests" */ = {
			isa = XCConfigurationList;
			buildConfigurations = (
				CC1111111111111111111121 /* Debug */,
				CC1111111111111111111122 /* Release */,
			);
			defaultConfigurationIsVisible = 0;
			defaultConfigurationName = Release;
		};
/* End XCConfigurationList section */
	};
	rootObject = 98F49FA72E4051BC004FD5EC /* Project object */;
}
